
Microsoft Visual Studio Solution File, Format Version 12.00
# Visual Studio Version 16
VisualStudioVersion = 16.0.30011.22
MinimumVisualStudioVersion = 10.0.40219.1
Project("{FAE04EC0-301F-11D3-BF4B-00C04F79EFBC}") = "ConcurrentStack Example", "ConcurrentStack Example\ConcurrentStack Example.csproj", "{BB1C6263-2F1F-402B-96BD-3CDE3E00D4B8}"
EndProject
Global
	GlobalSection(SolutionConfigurationPlatforms) = preSolution
		Debug|Any CPU = Debug|Any CPU
		Release|Any CPU = Release|Any CPU
	EndGlobalSection
	GlobalSection(ProjectConfigurationPlatforms) = postSolution
		{BB1C6263-2F1F-402B-96BD-3CDE3E00D4B8}.Debug|Any CPU.ActiveCfg = Debug|Any CPU
		{BB1C6263-2F1F-402B-96BD-3CDE3E00D4B8}.Debug|Any CPU.Build.0 = Debug|Any CPU
		{BB1C6263-2F1F-402B-96BD-3CDE3E00D4B8}.Release|Any CPU.ActiveCfg = Release|Any CPU
		{BB1C6263-2F1F-402B-96BD-3CDE3E00D4B8}.Release|Any CPU.Build.0 = Release|Any CPU
	EndGlobalSection
	GlobalSection(SolutionProperties) = preSolution
		HideSolutionNode = FALSE
	EndGlobalSection
	GlobalSection(ExtensibilityGlobals) = postSolution
		SolutionGuid = {DF306173-3F50-442B-BF11-366AE51A6E46}
	EndGlobalSection
EndGlobal
