
Microsoft Visual Studio Solution File, Format Version 12.00
# Visual Studio Version 16
VisualStudioVersion = 16.0.30011.22
MinimumVisualStudioVersion = 10.0.40219.1
Project("{FAE04EC0-301F-11D3-BF4B-00C04F79EFBC}") = "TaskFactory Example", "TaskFactory Example\TaskFactory Example.csproj", "{934FE54E-33B3-4A6D-A216-B82284F2261A}"
EndProject
Global
	GlobalSection(SolutionConfigurationPlatforms) = preSolution
		Debug|Any CPU = Debug|Any CPU
		Release|Any CPU = Release|Any CPU
	EndGlobalSection
	GlobalSection(ProjectConfigurationPlatforms) = postSolution
		{934FE54E-33B3-4A6D-A216-B82284F2261A}.Debug|Any CPU.ActiveCfg = Debug|Any CPU
		{934FE54E-33B3-4A6D-A216-B82284F2261A}.Debug|Any CPU.Build.0 = Debug|Any CPU
		{934FE54E-33B3-4A6D-A216-B82284F2261A}.Release|Any CPU.ActiveCfg = Release|Any CPU
		{934FE54E-33B3-4A6D-A216-B82284F2261A}.Release|Any CPU.Build.0 = Release|Any CPU
	EndGlobalSection
	GlobalSection(SolutionProperties) = preSolution
		HideSolutionNode = FALSE
	EndGlobalSection
	GlobalSection(ExtensibilityGlobals) = postSolution
		SolutionGuid = {C5DD5F2B-63FF-44A8-A01F-E057E8A32E89}
	EndGlobalSection
EndGlobal
