
Microsoft Visual Studio Solution File, Format Version 12.00
# Visual Studio Version 16
VisualStudioVersion = 16.0.30011.22
MinimumVisualStudioVersion = 10.0.40219.1
Project("{FAE04EC0-301F-11D3-BF4B-00C04F79EFBC}") = "ManualResetEvent Ecample", "ManualResetEvent Ecample\ManualResetEvent Ecample.csproj", "{27BB5DF2-5E76-4119-AA4B-EFC5EE2ABE62}"
EndProject
Global
	GlobalSection(SolutionConfigurationPlatforms) = preSolution
		Debug|Any CPU = Debug|Any CPU
		Release|Any CPU = Release|Any CPU
	EndGlobalSection
	GlobalSection(ProjectConfigurationPlatforms) = postSolution
		{27BB5DF2-5E76-4119-AA4B-EFC5EE2ABE62}.Debug|Any CPU.ActiveCfg = Debug|Any CPU
		{27BB5DF2-5E76-4119-AA4B-EFC5EE2ABE62}.Debug|Any CPU.Build.0 = Debug|Any CPU
		{27BB5DF2-5E76-4119-AA4B-EFC5EE2ABE62}.Release|Any CPU.ActiveCfg = Release|Any CPU
		{27BB5DF2-5E76-4119-AA4B-EFC5EE2ABE62}.Release|Any CPU.Build.0 = Release|Any CPU
	EndGlobalSection
	GlobalSection(SolutionProperties) = preSolution
		HideSolutionNode = FALSE
	EndGlobalSection
	GlobalSection(ExtensibilityGlobals) = postSolution
		SolutionGuid = {83A22759-6D5C-49B4-B957-9ACDC8585B63}
	EndGlobalSection
EndGlobal
