
Microsoft Visual Studio Solution File, Format Version 12.00
# Visual Studio Version 16
VisualStudioVersion = 16.0.30011.22
MinimumVisualStudioVersion = 10.0.40219.1
Project("{FAE04EC0-301F-11D3-BF4B-00C04F79EFBC}") = "ConcurrentBag Example", "ConcurrentBag Example\ConcurrentBag Example.csproj", "{749920A4-1287-4010-AAB3-359BD173CD72}"
EndProject
Global
	GlobalSection(SolutionConfigurationPlatforms) = preSolution
		Debug|Any CPU = Debug|Any CPU
		Release|Any CPU = Release|Any CPU
	EndGlobalSection
	GlobalSection(ProjectConfigurationPlatforms) = postSolution
		{749920A4-1287-4010-AAB3-359BD173CD72}.Debug|Any CPU.ActiveCfg = Debug|Any CPU
		{749920A4-1287-4010-AAB3-359BD173CD72}.Debug|Any CPU.Build.0 = Debug|Any CPU
		{749920A4-1287-4010-AAB3-359BD173CD72}.Release|Any CPU.ActiveCfg = Release|Any CPU
		{749920A4-1287-4010-AAB3-359BD173CD72}.Release|Any CPU.Build.0 = Release|Any CPU
	EndGlobalSection
	GlobalSection(SolutionProperties) = preSolution
		HideSolutionNode = FALSE
	EndGlobalSection
	GlobalSection(ExtensibilityGlobals) = postSolution
		SolutionGuid = {4F6D3828-BD20-4308-8DCA-01240008FEA3}
	EndGlobalSection
EndGlobal
