
Microsoft Visual Studio Solution File, Format Version 12.00
# Visual Studio Version 16
VisualStudioVersion = 16.0.30011.22
MinimumVisualStudioVersion = 10.0.40219.1
Project("{FAE04EC0-301F-11D3-BF4B-00C04F79EFBC}") = "switch statement", "switch statement\switch statement.csproj", "{347614C4-C531-43E4-BA29-CA9E7FDF9F83}"
EndProject
Global
	GlobalSection(SolutionConfigurationPlatforms) = preSolution
		Debug|Any CPU = Debug|Any CPU
		Release|Any CPU = Release|Any CPU
	EndGlobalSection
	GlobalSection(ProjectConfigurationPlatforms) = postSolution
		{347614C4-C531-43E4-BA29-CA9E7FDF9F83}.Debug|Any CPU.ActiveCfg = Debug|Any CPU
		{347614C4-C531-43E4-BA29-CA9E7FDF9F83}.Debug|Any CPU.Build.0 = Debug|Any CPU
		{347614C4-C531-43E4-BA29-CA9E7FDF9F83}.Release|Any CPU.ActiveCfg = Release|Any CPU
		{347614C4-C531-43E4-BA29-CA9E7FDF9F83}.Release|Any CPU.Build.0 = Release|Any CPU
	EndGlobalSection
	GlobalSection(SolutionProperties) = preSolution
		HideSolutionNode = FALSE
	EndGlobalSection
	GlobalSection(ExtensibilityGlobals) = postSolution
		SolutionGuid = {55379483-0770-4A36-A0B7-74A1CDCECF1E}
	EndGlobalSection
EndGlobal
