
Microsoft Visual Studio Solution File, Format Version 12.00
# Visual Studio Version 16
VisualStudioVersion = 16.0.30011.22
MinimumVisualStudioVersion = 10.0.40219.1
Project("{FAE04EC0-301F-11D3-BF4B-00C04F79EFBC}") = "Break keyword", "Break keyword\Break keyword.csproj", "{49F28406-5F91-415F-AA4B-BE91F3C9E0EA}"
EndProject
Global
	GlobalSection(SolutionConfigurationPlatforms) = preSolution
		Debug|Any CPU = Debug|Any CPU
		Release|Any CPU = Release|Any CPU
	EndGlobalSection
	GlobalSection(ProjectConfigurationPlatforms) = postSolution
		{49F28406-5F91-415F-AA4B-BE91F3C9E0EA}.Debug|Any CPU.ActiveCfg = Debug|Any CPU
		{49F28406-5F91-415F-AA4B-BE91F3C9E0EA}.Debug|Any CPU.Build.0 = Debug|Any CPU
		{49F28406-5F91-415F-AA4B-BE91F3C9E0EA}.Release|Any CPU.ActiveCfg = Release|Any CPU
		{49F28406-5F91-415F-AA4B-BE91F3C9E0EA}.Release|Any CPU.Build.0 = Release|Any CPU
	EndGlobalSection
	GlobalSection(SolutionProperties) = preSolution
		HideSolutionNode = FALSE
	EndGlobalSection
	GlobalSection(ExtensibilityGlobals) = postSolution
		SolutionGuid = {7B92F7E5-1DF6-465A-916D-91FBE2181349}
	EndGlobalSection
EndGlobal
