
Microsoft Visual Studio Solution File, Format Version 12.00
# Visual Studio Version 16
VisualStudioVersion = 16.0.30011.22
MinimumVisualStudioVersion = 10.0.40219.1
Project("{FAE04EC0-301F-11D3-BF4B-00C04F79EFBC}") = "Action Delegate", "Action Delegate\Action Delegate.csproj", "{1149E093-6B7C-4ADF-B7B5-475103B24480}"
EndProject
Global
	GlobalSection(SolutionConfigurationPlatforms) = preSolution
		Debug|Any CPU = Debug|Any CPU
		Release|Any CPU = Release|Any CPU
	EndGlobalSection
	GlobalSection(ProjectConfigurationPlatforms) = postSolution
		{1149E093-6B7C-4ADF-B7B5-475103B24480}.Debug|Any CPU.ActiveCfg = Debug|Any CPU
		{1149E093-6B7C-4ADF-B7B5-475103B24480}.Debug|Any CPU.Build.0 = Debug|Any CPU
		{1149E093-6B7C-4ADF-B7B5-475103B24480}.Release|Any CPU.ActiveCfg = Release|Any CPU
		{1149E093-6B7C-4ADF-B7B5-475103B24480}.Release|Any CPU.Build.0 = Release|Any CPU
	EndGlobalSection
	GlobalSection(SolutionProperties) = preSolution
		HideSolutionNode = FALSE
	EndGlobalSection
	GlobalSection(ExtensibilityGlobals) = postSolution
		SolutionGuid = {1802FC88-FA65-4961-B9E3-DA6EA49383FD}
	EndGlobalSection
EndGlobal
