
Microsoft Visual Studio Solution File, Format Version 12.00
# Visual Studio Version 16
VisualStudioVersion = 16.0.30011.22
MinimumVisualStudioVersion = 10.0.40219.1
Project("{FAE04EC0-301F-11D3-BF4B-00C04F79EFBC}") = "Async FileStream", "Async FileStream\Async FileStream.csproj", "{1BBEB0CE-8B0A-4A63-9086-21E06578800D}"
EndProject
Global
	GlobalSection(SolutionConfigurationPlatforms) = preSolution
		Debug|Any CPU = Debug|Any CPU
		Release|Any CPU = Release|Any CPU
	EndGlobalSection
	GlobalSection(ProjectConfigurationPlatforms) = postSolution
		{1BBEB0CE-8B0A-4A63-9086-21E06578800D}.Debug|Any CPU.ActiveCfg = Debug|Any CPU
		{1BBEB0CE-8B0A-4A63-9086-21E06578800D}.Debug|Any CPU.Build.0 = Debug|Any CPU
		{1BBEB0CE-8B0A-4A63-9086-21E06578800D}.Release|Any CPU.ActiveCfg = Release|Any CPU
		{1BBEB0CE-8B0A-4A63-9086-21E06578800D}.Release|Any CPU.Build.0 = Release|Any CPU
	EndGlobalSection
	GlobalSection(SolutionProperties) = preSolution
		HideSolutionNode = FALSE
	EndGlobalSection
	GlobalSection(ExtensibilityGlobals) = postSolution
		SolutionGuid = {7FFA43C4-6A7E-4402-BDF9-D666D8A84AB6}
	EndGlobalSection
EndGlobal
