
Microsoft Visual Studio Solution File, Format Version 12.00
# Visual Studio Version 16
VisualStudioVersion = 16.0.30011.22
MinimumVisualStudioVersion = 10.0.40219.1
Project("{FAE04EC0-301F-11D3-BF4B-00C04F79EFBC}") = "AutoResetEvent Twoway", "AutoResetEvent Twoway\AutoResetEvent Twoway.csproj", "{992072D4-A4BE-442A-A96D-797DCD5B737C}"
EndProject
Global
	GlobalSection(SolutionConfigurationPlatforms) = preSolution
		Debug|Any CPU = Debug|Any CPU
		Release|Any CPU = Release|Any CPU
	EndGlobalSection
	GlobalSection(ProjectConfigurationPlatforms) = postSolution
		{992072D4-A4BE-442A-A96D-797DCD5B737C}.Debug|Any CPU.ActiveCfg = Debug|Any CPU
		{992072D4-A4BE-442A-A96D-797DCD5B737C}.Debug|Any CPU.Build.0 = Debug|Any CPU
		{992072D4-A4BE-442A-A96D-797DCD5B737C}.Release|Any CPU.ActiveCfg = Release|Any CPU
		{992072D4-A4BE-442A-A96D-797DCD5B737C}.Release|Any CPU.Build.0 = Release|Any CPU
	EndGlobalSection
	GlobalSection(SolutionProperties) = preSolution
		HideSolutionNode = FALSE
	EndGlobalSection
	GlobalSection(ExtensibilityGlobals) = postSolution
		SolutionGuid = {28783F7E-1623-4217-ACB3-1CE6C84E2F89}
	EndGlobalSection
EndGlobal
