
Microsoft Visual Studio Solution File, Format Version 12.00
# Visual Studio Version 16
VisualStudioVersion = 16.0.30011.22
MinimumVisualStudioVersion = 10.0.40219.1
Project("{FAE04EC0-301F-11D3-BF4B-00C04F79EFBC}") = "Comparison Delegate", "Comparison Delegate\Comparison Delegate.csproj", "{D825EF6A-DB71-4558-A5D4-D37956D479F4}"
EndProject
Global
	GlobalSection(SolutionConfigurationPlatforms) = preSolution
		Debug|Any CPU = Debug|Any CPU
		Release|Any CPU = Release|Any CPU
	EndGlobalSection
	GlobalSection(ProjectConfigurationPlatforms) = postSolution
		{D825EF6A-DB71-4558-A5D4-D37956D479F4}.Debug|Any CPU.ActiveCfg = Debug|Any CPU
		{D825EF6A-DB71-4558-A5D4-D37956D479F4}.Debug|Any CPU.Build.0 = Debug|Any CPU
		{D825EF6A-DB71-4558-A5D4-D37956D479F4}.Release|Any CPU.ActiveCfg = Release|Any CPU
		{D825EF6A-DB71-4558-A5D4-D37956D479F4}.Release|Any CPU.Build.0 = Release|Any CPU
	EndGlobalSection
	GlobalSection(SolutionProperties) = preSolution
		HideSolutionNode = FALSE
	EndGlobalSection
	GlobalSection(ExtensibilityGlobals) = postSolution
		SolutionGuid = {86D806E3-5992-4FA8-8D2B-3A84A4C9B365}
	EndGlobalSection
EndGlobal
