
Microsoft Visual Studio Solution File, Format Version 12.00
# Visual Studio Version 16
VisualStudioVersion = 16.0.30011.22
MinimumVisualStudioVersion = 10.0.40219.1
Project("{FAE04EC0-301F-11D3-BF4B-00C04F79EFBC}") = "Async ReaderAsync", "Async ReaderAsync\Async ReaderAsync.csproj", "{A5C0EBD7-1088-4FD9-B5E8-9B7E9E8F7FCF}"
EndProject
Global
	GlobalSection(SolutionConfigurationPlatforms) = preSolution
		Debug|Any CPU = Debug|Any CPU
		Release|Any CPU = Release|Any CPU
	EndGlobalSection
	GlobalSection(ProjectConfigurationPlatforms) = postSolution
		{A5C0EBD7-1088-4FD9-B5E8-9B7E9E8F7FCF}.Debug|Any CPU.ActiveCfg = Debug|Any CPU
		{A5C0EBD7-1088-4FD9-B5E8-9B7E9E8F7FCF}.Debug|Any CPU.Build.0 = Debug|Any CPU
		{A5C0EBD7-1088-4FD9-B5E8-9B7E9E8F7FCF}.Release|Any CPU.ActiveCfg = Release|Any CPU
		{A5C0EBD7-1088-4FD9-B5E8-9B7E9E8F7FCF}.Release|Any CPU.Build.0 = Release|Any CPU
	EndGlobalSection
	GlobalSection(SolutionProperties) = preSolution
		HideSolutionNode = FALSE
	EndGlobalSection
	GlobalSection(ExtensibilityGlobals) = postSolution
		SolutionGuid = {68131955-DF94-430B-80CE-F0F962A1005E}
	EndGlobalSection
EndGlobal
