
Microsoft Visual Studio Solution File, Format Version 12.00
# Visual Studio 15
VisualStudioVersion = 15.0.28010.2016
MinimumVisualStudioVersion = 10.0.40219.1
Project("{FAE04EC0-301F-11D3-BF4B-00C04F79EFBC}") = "Expressão Lambda", "Expressão Lambda\Expressão Lambda.csproj", "{2B75F325-B9AE-4AAD-9D16-7E3ED149119D}"
EndProject
Global
	GlobalSection(SolutionConfigurationPlatforms) = preSolution
		Debug|Any CPU = Debug|Any CPU
		Release|Any CPU = Release|Any CPU
	EndGlobalSection
	GlobalSection(ProjectConfigurationPlatforms) = postSolution
		{2B75F325-B9AE-4AAD-9D16-7E3ED149119D}.Debug|Any CPU.ActiveCfg = Debug|Any CPU
		{2B75F325-B9AE-4AAD-9D16-7E3ED149119D}.Debug|Any CPU.Build.0 = Debug|Any CPU
		{2B75F325-B9AE-4AAD-9D16-7E3ED149119D}.Release|Any CPU.ActiveCfg = Release|Any CPU
		{2B75F325-B9AE-4AAD-9D16-7E3ED149119D}.Release|Any CPU.Build.0 = Release|Any CPU
	EndGlobalSection
	GlobalSection(SolutionProperties) = preSolution
		HideSolutionNode = FALSE
	EndGlobalSection
	GlobalSection(ExtensibilityGlobals) = postSolution
		SolutionGuid = {85DD58B9-FE00-487C-BF88-156EA8538307}
	EndGlobalSection
EndGlobal
