
Microsoft Visual Studio Solution File, Format Version 12.00
# Visual Studio Version 16
VisualStudioVersion = 16.0.30011.22
MinimumVisualStudioVersion = 10.0.40219.1
Project("{FAE04EC0-301F-11D3-BF4B-00C04F79EFBC}") = "Background_Thread", "Background_Thread\Background_Thread.csproj", "{69FD697C-1B35-48D6-AC55-AC97696B92C8}"
EndProject
Global
	GlobalSection(SolutionConfigurationPlatforms) = preSolution
		Debug|Any CPU = Debug|Any CPU
		Release|Any CPU = Release|Any CPU
	EndGlobalSection
	GlobalSection(ProjectConfigurationPlatforms) = postSolution
		{69FD697C-1B35-48D6-AC55-AC97696B92C8}.Debug|Any CPU.ActiveCfg = Debug|Any CPU
		{69FD697C-1B35-48D6-AC55-AC97696B92C8}.Debug|Any CPU.Build.0 = Debug|Any CPU
		{69FD697C-1B35-48D6-AC55-AC97696B92C8}.Release|Any CPU.ActiveCfg = Release|Any CPU
		{69FD697C-1B35-48D6-AC55-AC97696B92C8}.Release|Any CPU.Build.0 = Release|Any CPU
	EndGlobalSection
	GlobalSection(SolutionProperties) = preSolution
		HideSolutionNode = FALSE
	EndGlobalSection
	GlobalSection(ExtensibilityGlobals) = postSolution
		SolutionGuid = {7CDDCF89-DE7B-445F-AD64-D27648E1D93C}
	EndGlobalSection
EndGlobal
