
Microsoft Visual Studio Solution File, Format Version 12.00
# Visual Studio Version 16
VisualStudioVersion = 16.0.30011.22
MinimumVisualStudioVersion = 10.0.40219.1
Project("{FAE04EC0-301F-11D3-BF4B-00C04F79EFBC}") = "WinFormApp", "WinFormApp.csproj", "{97DE8DBE-B730-4555-AB96-FB121F21E3FE}"
EndProject
Global
	GlobalSection(SolutionConfigurationPlatforms) = preSolution
		Debug|Any CPU = Debug|Any CPU
		Release|Any CPU = Release|Any CPU
	EndGlobalSection
	GlobalSection(ProjectConfigurationPlatforms) = postSolution
		{97DE8DBE-B730-4555-AB96-FB121F21E3FE}.Debug|Any CPU.ActiveCfg = Debug|Any CPU
		{97DE8DBE-B730-4555-AB96-FB121F21E3FE}.Debug|Any CPU.Build.0 = Debug|Any CPU
		{97DE8DBE-B730-4555-AB96-FB121F21E3FE}.Release|Any CPU.ActiveCfg = Release|Any CPU
		{97DE8DBE-B730-4555-AB96-FB121F21E3FE}.Release|Any CPU.Build.0 = Release|Any CPU
	EndGlobalSection
	GlobalSection(SolutionProperties) = preSolution
		HideSolutionNode = FALSE
	EndGlobalSection
	GlobalSection(ExtensibilityGlobals) = postSolution
		SolutionGuid = {2A456934-E57D-4F17-8B91-4F95651A774A}
	EndGlobalSection
EndGlobal
