
Microsoft Visual Studio Solution File, Format Version 12.00
# Visual Studio Version 16
VisualStudioVersion = 16.0.30011.22
MinimumVisualStudioVersion = 10.0.40219.1
Project("{FAE04EC0-301F-11D3-BF4B-00C04F79EFBC}") = "Task Invoke", "Task Invoke\Task Invoke.csproj", "{B7B45BC1-93BD-4FEF-8289-DA8CE5CEC709}"
EndProject
Global
	GlobalSection(SolutionConfigurationPlatforms) = preSolution
		Debug|Any CPU = Debug|Any CPU
		Release|Any CPU = Release|Any CPU
	EndGlobalSection
	GlobalSection(ProjectConfigurationPlatforms) = postSolution
		{B7B45BC1-93BD-4FEF-8289-DA8CE5CEC709}.Debug|Any CPU.ActiveCfg = Debug|Any CPU
		{B7B45BC1-93BD-4FEF-8289-DA8CE5CEC709}.Debug|Any CPU.Build.0 = Debug|Any CPU
		{B7B45BC1-93BD-4FEF-8289-DA8CE5CEC709}.Release|Any CPU.ActiveCfg = Release|Any CPU
		{B7B45BC1-93BD-4FEF-8289-DA8CE5CEC709}.Release|Any CPU.Build.0 = Release|Any CPU
	EndGlobalSection
	GlobalSection(SolutionProperties) = preSolution
		HideSolutionNode = FALSE
	EndGlobalSection
	GlobalSection(ExtensibilityGlobals) = postSolution
		SolutionGuid = {B158547F-CBE2-4D70-9F9E-9B20521FF5C8}
	EndGlobalSection
EndGlobal
