
Microsoft Visual Studio Solution File, Format Version 12.00
# Visual Studio Version 16
VisualStudioVersion = 16.0.30011.22
MinimumVisualStudioVersion = 10.0.40219.1
Project("{FAE04EC0-301F-11D3-BF4B-00C04F79EFBC}") = "MainThread_RunSequencial", "MainThread_RunSequencial\MainThread_RunSequencial.csproj", "{0B6C7271-1AAC-4D1F-BE46-31B6729C5EF6}"
EndProject
Global
	GlobalSection(SolutionConfigurationPlatforms) = preSolution
		Debug|Any CPU = Debug|Any CPU
		Release|Any CPU = Release|Any CPU
	EndGlobalSection
	GlobalSection(ProjectConfigurationPlatforms) = postSolution
		{0B6C7271-1AAC-4D1F-BE46-31B6729C5EF6}.Debug|Any CPU.ActiveCfg = Debug|Any CPU
		{0B6C7271-1AAC-4D1F-BE46-31B6729C5EF6}.Debug|Any CPU.Build.0 = Debug|Any CPU
		{0B6C7271-1AAC-4D1F-BE46-31B6729C5EF6}.Release|Any CPU.ActiveCfg = Release|Any CPU
		{0B6C7271-1AAC-4D1F-BE46-31B6729C5EF6}.Release|Any CPU.Build.0 = Release|Any CPU
	EndGlobalSection
	GlobalSection(SolutionProperties) = preSolution
		HideSolutionNode = FALSE
	EndGlobalSection
	GlobalSection(ExtensibilityGlobals) = postSolution
		SolutionGuid = {48477DB8-DC54-4691-8D06-753A0865B360}
	EndGlobalSection
EndGlobal
