
Microsoft Visual Studio Solution File, Format Version 12.00
# Visual Studio Version 16
VisualStudioVersion = 16.0.30011.22
MinimumVisualStudioVersion = 10.0.40219.1
Project("{FAE04EC0-301F-11D3-BF4B-00C04F79EFBC}") = "Thread Abort", "Thread Abort\Thread Abort.csproj", "{CBF304AD-1E1F-405A-8D91-0FC296505ECA}"
EndProject
Global
	GlobalSection(SolutionConfigurationPlatforms) = preSolution
		Debug|Any CPU = Debug|Any CPU
		Release|Any CPU = Release|Any CPU
	EndGlobalSection
	GlobalSection(ProjectConfigurationPlatforms) = postSolution
		{CBF304AD-1E1F-405A-8D91-0FC296505ECA}.Debug|Any CPU.ActiveCfg = Debug|Any CPU
		{CBF304AD-1E1F-405A-8D91-0FC296505ECA}.Debug|Any CPU.Build.0 = Debug|Any CPU
		{CBF304AD-1E1F-405A-8D91-0FC296505ECA}.Release|Any CPU.ActiveCfg = Release|Any CPU
		{CBF304AD-1E1F-405A-8D91-0FC296505ECA}.Release|Any CPU.Build.0 = Release|Any CPU
	EndGlobalSection
	GlobalSection(SolutionProperties) = preSolution
		HideSolutionNode = FALSE
	EndGlobalSection
	GlobalSection(ExtensibilityGlobals) = postSolution
		SolutionGuid = {6A2B2674-FB13-4080-B994-7941A0F82AAC}
	EndGlobalSection
EndGlobal
