
Microsoft Visual Studio Solution File, Format Version 12.00
# Visual Studio Version 16
VisualStudioVersion = 16.0.30011.22
MinimumVisualStudioVersion = 10.0.40219.1
Project("{FAE04EC0-301F-11D3-BF4B-00C04F79EFBC}") = "DeadLock", "DeadLock\DeadLock.csproj", "{171270EC-199E-43AD-91CE-C93693AB7494}"
EndProject
Global
	GlobalSection(SolutionConfigurationPlatforms) = preSolution
		Debug|Any CPU = Debug|Any CPU
		Release|Any CPU = Release|Any CPU
	EndGlobalSection
	GlobalSection(ProjectConfigurationPlatforms) = postSolution
		{171270EC-199E-43AD-91CE-C93693AB7494}.Debug|Any CPU.ActiveCfg = Debug|Any CPU
		{171270EC-199E-43AD-91CE-C93693AB7494}.Debug|Any CPU.Build.0 = Debug|Any CPU
		{171270EC-199E-43AD-91CE-C93693AB7494}.Release|Any CPU.ActiveCfg = Release|Any CPU
		{171270EC-199E-43AD-91CE-C93693AB7494}.Release|Any CPU.Build.0 = Release|Any CPU
	EndGlobalSection
	GlobalSection(SolutionProperties) = preSolution
		HideSolutionNode = FALSE
	EndGlobalSection
	GlobalSection(ExtensibilityGlobals) = postSolution
		SolutionGuid = {F1CF014F-8F72-421C-8A4E-431EB9CD0050}
	EndGlobalSection
EndGlobal
