
Microsoft Visual Studio Solution File, Format Version 12.00
# Visual Studio Version 16
VisualStudioVersion = 16.0.30011.22
MinimumVisualStudioVersion = 10.0.40219.1
Project("{FAE04EC0-301F-11D3-BF4B-00C04F79EFBC}") = "CallBack Delegate", "CallBack Delegate\CallBack Delegate.csproj", "{16CA99C0-E684-4366-B45F-F2876F934D54}"
EndProject
Global
	GlobalSection(SolutionConfigurationPlatforms) = preSolution
		Debug|Any CPU = Debug|Any CPU
		Release|Any CPU = Release|Any CPU
	EndGlobalSection
	GlobalSection(ProjectConfigurationPlatforms) = postSolution
		{16CA99C0-E684-4366-B45F-F2876F934D54}.Debug|Any CPU.ActiveCfg = Debug|Any CPU
		{16CA99C0-E684-4366-B45F-F2876F934D54}.Debug|Any CPU.Build.0 = Debug|Any CPU
		{16CA99C0-E684-4366-B45F-F2876F934D54}.Release|Any CPU.ActiveCfg = Release|Any CPU
		{16CA99C0-E684-4366-B45F-F2876F934D54}.Release|Any CPU.Build.0 = Release|Any CPU
	EndGlobalSection
	GlobalSection(SolutionProperties) = preSolution
		HideSolutionNode = FALSE
	EndGlobalSection
	GlobalSection(ExtensibilityGlobals) = postSolution
		SolutionGuid = {8F98CBE6-0B32-40DA-A8F8-2AC619C72C79}
	EndGlobalSection
EndGlobal
