
Microsoft Visual Studio Solution File, Format Version 12.00
# Visual Studio 15
VisualStudioVersion = 15.0.28010.2041
MinimumVisualStudioVersion = 10.0.40219.1
Project("{FAE04EC0-301F-11D3-BF4B-00C04F79EFBC}") = "Async_CafedaManha", "Async_CafedaManha\Async_CafedaManha.csproj", "{CF831010-2CA0-40FC-BCC0-B6616FDF5720}"
EndProject
Global
	GlobalSection(SolutionConfigurationPlatforms) = preSolution
		Debug|Any CPU = Debug|Any CPU
		Release|Any CPU = Release|Any CPU
	EndGlobalSection
	GlobalSection(ProjectConfigurationPlatforms) = postSolution
		{CF831010-2CA0-40FC-BCC0-B6616FDF5720}.Debug|Any CPU.ActiveCfg = Debug|Any CPU
		{CF831010-2CA0-40FC-BCC0-B6616FDF5720}.Debug|Any CPU.Build.0 = Debug|Any CPU
		{CF831010-2CA0-40FC-BCC0-B6616FDF5720}.Release|Any CPU.ActiveCfg = Release|Any CPU
		{CF831010-2CA0-40FC-BCC0-B6616FDF5720}.Release|Any CPU.Build.0 = Release|Any CPU
	EndGlobalSection
	GlobalSection(SolutionProperties) = preSolution
		HideSolutionNode = FALSE
	EndGlobalSection
	GlobalSection(ExtensibilityGlobals) = postSolution
		SolutionGuid = {245FBEE4-A536-4D7D-B193-CDC8E2FB6623}
	EndGlobalSection
EndGlobal
