
Microsoft Visual Studio Solution File, Format Version 12.00
# Visual Studio Version 16
VisualStudioVersion = 16.0.30011.22
MinimumVisualStudioVersion = 10.0.40219.1
Project("{FAE04EC0-301F-11D3-BF4B-00C04F79EFBC}") = "if statement", "if statement\if statement.csproj", "{AFE68013-A923-4D34-A6AA-2473459B739D}"
EndProject
Global
	GlobalSection(SolutionConfigurationPlatforms) = preSolution
		Debug|Any CPU = Debug|Any CPU
		Release|Any CPU = Release|Any CPU
	EndGlobalSection
	GlobalSection(ProjectConfigurationPlatforms) = postSolution
		{AFE68013-A923-4D34-A6AA-2473459B739D}.Debug|Any CPU.ActiveCfg = Debug|Any CPU
		{AFE68013-A923-4D34-A6AA-2473459B739D}.Debug|Any CPU.Build.0 = Debug|Any CPU
		{AFE68013-A923-4D34-A6AA-2473459B739D}.Release|Any CPU.ActiveCfg = Release|Any CPU
		{AFE68013-A923-4D34-A6AA-2473459B739D}.Release|Any CPU.Build.0 = Release|Any CPU
	EndGlobalSection
	GlobalSection(SolutionProperties) = preSolution
		HideSolutionNode = FALSE
	EndGlobalSection
	GlobalSection(ExtensibilityGlobals) = postSolution
		SolutionGuid = {013B27DD-1A24-44EC-9B84-52C12328BD2D}
	EndGlobalSection
EndGlobal
