
Microsoft Visual Studio Solution File, Format Version 12.00
# Visual Studio 15
VisualStudioVersion = 15.0.28010.2016
MinimumVisualStudioVersion = 10.0.40219.1
Project("{FAE04EC0-301F-11D3-BF4B-00C04F79EFBC}") = "Pub Event", "Pub Event\Pub Event.csproj", "{C92AE3BD-C1FF-4610-9935-A174A91A6F7B}"
EndProject
Global
	GlobalSection(SolutionConfigurationPlatforms) = preSolution
		Debug|Any CPU = Debug|Any CPU
		Release|Any CPU = Release|Any CPU
	EndGlobalSection
	GlobalSection(ProjectConfigurationPlatforms) = postSolution
		{C92AE3BD-C1FF-4610-9935-A174A91A6F7B}.Debug|Any CPU.ActiveCfg = Debug|Any CPU
		{C92AE3BD-C1FF-4610-9935-A174A91A6F7B}.Debug|Any CPU.Build.0 = Debug|Any CPU
		{C92AE3BD-C1FF-4610-9935-A174A91A6F7B}.Release|Any CPU.ActiveCfg = Release|Any CPU
		{C92AE3BD-C1FF-4610-9935-A174A91A6F7B}.Release|Any CPU.Build.0 = Release|Any CPU
	EndGlobalSection
	GlobalSection(SolutionProperties) = preSolution
		HideSolutionNode = FALSE
	EndGlobalSection
	GlobalSection(ExtensibilityGlobals) = postSolution
		SolutionGuid = {2933331C-8F62-4C66-9349-303FB0B926EE}
	EndGlobalSection
EndGlobal
