
Microsoft Visual Studio Solution File, Format Version 12.00
# Visual Studio 15
VisualStudioVersion = 15.0.28010.2016
MinimumVisualStudioVersion = 10.0.40219.1
Project("{FAE04EC0-301F-11D3-BF4B-00C04F79EFBC}") = "PropertyChangedEvent", "PropertyChangedEvent\PropertyChangedEvent.csproj", "{C98B0643-160C-48D5-BC93-F02FE498F8A4}"
EndProject
Global
	GlobalSection(SolutionConfigurationPlatforms) = preSolution
		Debug|Any CPU = Debug|Any CPU
		Release|Any CPU = Release|Any CPU
	EndGlobalSection
	GlobalSection(ProjectConfigurationPlatforms) = postSolution
		{C98B0643-160C-48D5-BC93-F02FE498F8A4}.Debug|Any CPU.ActiveCfg = Debug|Any CPU
		{C98B0643-160C-48D5-BC93-F02FE498F8A4}.Debug|Any CPU.Build.0 = Debug|Any CPU
		{C98B0643-160C-48D5-BC93-F02FE498F8A4}.Release|Any CPU.ActiveCfg = Release|Any CPU
		{C98B0643-160C-48D5-BC93-F02FE498F8A4}.Release|Any CPU.Build.0 = Release|Any CPU
	EndGlobalSection
	GlobalSection(SolutionProperties) = preSolution
		HideSolutionNode = FALSE
	EndGlobalSection
	GlobalSection(ExtensibilityGlobals) = postSolution
		SolutionGuid = {2280ABC4-FBBE-4A29-8254-5B39F37739DC}
	EndGlobalSection
EndGlobal
