
Microsoft Visual Studio Solution File, Format Version 12.00
# Visual Studio Version 16
VisualStudioVersion = 16.0.30011.22
MinimumVisualStudioVersion = 10.0.40219.1
Project("{FAE04EC0-301F-11D3-BF4B-00C04F79EFBC}") = "Lock Operator", "Lock Operator\Lock Operator.csproj", "{A668C748-6926-494E-9353-BA8500769E90}"
EndProject
Global
	GlobalSection(SolutionConfigurationPlatforms) = preSolution
		Debug|Any CPU = Debug|Any CPU
		Release|Any CPU = Release|Any CPU
	EndGlobalSection
	GlobalSection(ProjectConfigurationPlatforms) = postSolution
		{A668C748-6926-494E-9353-BA8500769E90}.Debug|Any CPU.ActiveCfg = Debug|Any CPU
		{A668C748-6926-494E-9353-BA8500769E90}.Debug|Any CPU.Build.0 = Debug|Any CPU
		{A668C748-6926-494E-9353-BA8500769E90}.Release|Any CPU.ActiveCfg = Release|Any CPU
		{A668C748-6926-494E-9353-BA8500769E90}.Release|Any CPU.Build.0 = Release|Any CPU
	EndGlobalSection
	GlobalSection(SolutionProperties) = preSolution
		HideSolutionNode = FALSE
	EndGlobalSection
	GlobalSection(ExtensibilityGlobals) = postSolution
		SolutionGuid = {A284C5E6-01BB-4B18-BE4E-6E87ECCE8E28}
	EndGlobalSection
EndGlobal
