
Microsoft Visual Studio Solution File, Format Version 12.00
# Visual Studio Version 16
VisualStudioVersion = 16.0.30011.22
MinimumVisualStudioVersion = 10.0.40219.1
Project("{FAE04EC0-301F-11D3-BF4B-00C04F79EFBC}") = "ThreadSleep Example", "ThreadSleep Example\ThreadSleep Example.csproj", "{6DA1730F-0547-4FC2-8443-391F37481F95}"
EndProject
Global
	GlobalSection(SolutionConfigurationPlatforms) = preSolution
		Debug|Any CPU = Debug|Any CPU
		Release|Any CPU = Release|Any CPU
	EndGlobalSection
	GlobalSection(ProjectConfigurationPlatforms) = postSolution
		{6DA1730F-0547-4FC2-8443-391F37481F95}.Debug|Any CPU.ActiveCfg = Debug|Any CPU
		{6DA1730F-0547-4FC2-8443-391F37481F95}.Debug|Any CPU.Build.0 = Debug|Any CPU
		{6DA1730F-0547-4FC2-8443-391F37481F95}.Release|Any CPU.ActiveCfg = Release|Any CPU
		{6DA1730F-0547-4FC2-8443-391F37481F95}.Release|Any CPU.Build.0 = Release|Any CPU
	EndGlobalSection
	GlobalSection(SolutionProperties) = preSolution
		HideSolutionNode = FALSE
	EndGlobalSection
	GlobalSection(ExtensibilityGlobals) = postSolution
		SolutionGuid = {22829255-BD49-462E-A98B-278CCFB9AC62}
	EndGlobalSection
EndGlobal
