
Microsoft Visual Studio Solution File, Format Version 12.00
# Visual Studio Version 16
VisualStudioVersion = 16.0.30011.22
MinimumVisualStudioVersion = 10.0.40219.1
Project("{FAE04EC0-301F-11D3-BF4B-00C04F79EFBC}") = "Func Delegate", "Func Delegate\Func Delegate.csproj", "{4C5BD0A2-7849-417E-A761-CE1442A70FD0}"
EndProject
Global
	GlobalSection(SolutionConfigurationPlatforms) = preSolution
		Debug|Any CPU = Debug|Any CPU
		Release|Any CPU = Release|Any CPU
	EndGlobalSection
	GlobalSection(ProjectConfigurationPlatforms) = postSolution
		{4C5BD0A2-7849-417E-A761-CE1442A70FD0}.Debug|Any CPU.ActiveCfg = Debug|Any CPU
		{4C5BD0A2-7849-417E-A761-CE1442A70FD0}.Debug|Any CPU.Build.0 = Debug|Any CPU
		{4C5BD0A2-7849-417E-A761-CE1442A70FD0}.Release|Any CPU.ActiveCfg = Release|Any CPU
		{4C5BD0A2-7849-417E-A761-CE1442A70FD0}.Release|Any CPU.Build.0 = Release|Any CPU
	EndGlobalSection
	GlobalSection(SolutionProperties) = preSolution
		HideSolutionNode = FALSE
	EndGlobalSection
	GlobalSection(ExtensibilityGlobals) = postSolution
		SolutionGuid = {7DF568C8-B2AC-4639-823E-9CE3A66189AB}
	EndGlobalSection
EndGlobal
